
Microsoft Visual Studio Solution File, Format Version 12.00
# Visual Studio Version 16
VisualStudioVersion = 16.0.31702.278
MinimumVisualStudioVersion = 10.0.40219.1
Project("{FAE04EC0-301F-11D3-BF4B-00C04F79EFBC}") = "TariBirdManager", "TariBirdManager.csproj", "{216CD488-E362-4407-A86A-2DEB6227BE3F}"
EndProject
Global
	GlobalSection(SolutionConfigurationPlatforms) = preSolution
		Debug|Any CPU = Debug|Any CPU
		Release|Any CPU = Release|Any CPU
	EndGlobalSection
	GlobalSection(ProjectConfigurationPlatforms) = postSolution
		{216CD488-E362-4407-A86A-2DEB6227BE3F}.Debug|Any CPU.ActiveCfg = Debug|Any CPU
		{216CD488-E362-4407-A86A-2DEB6227BE3F}.Debug|Any CPU.Build.0 = Debug|Any CPU
		{216CD488-E362-4407-A86A-2DEB6227BE3F}.Release|Any CPU.ActiveCfg = Release|Any CPU
		{216CD488-E362-4407-A86A-2DEB6227BE3F}.Release|Any CPU.Build.0 = Release|Any CPU
	EndGlobalSection
	GlobalSection(SolutionProperties) = preSolution
		HideSolutionNode = FALSE
	EndGlobalSection
	GlobalSection(ExtensibilityGlobals) = postSolution
		SolutionGuid = {EFB4EEBA-BB6E-49FC-BE60-6CDC819702A4}
	EndGlobalSection
EndGlobal
